
Microsoft Visual Studio Solution File, Format Version 12.00
# Visual Studio Version 17
VisualStudioVersion = 17.4.33110.190
MinimumVisualStudioVersion = 10.0.40219.1
Project("{9A19103F-16F7-4668-BE54-9A1E7A4F7556}") = "App.Api", "src\App.Api\App.Api.csproj", "{17DC6B3C-8CD4-4D5A-BBB2-FF5058EF7D8B}"
EndProject
Project("{2150E333-8FDC-42A3-9474-1A3956D46DE8}") = "0. Docs", "0. Docs", "{BC94A733-C148-4178-A4AA-1DD910572569}"
	ProjectSection(SolutionItems) = preProject
		Dockerfile = Dockerfile
		makefile = makefile
		README.md = README.md
	EndProjectSection
EndProject
Project("{2150E333-8FDC-42A3-9474-1A3956D46DE8}") = "T. Tests", "T. Tests", "{749667D7-8F60-41DB-85DF-0360985EED41}"
EndProject
Project("{9A19103F-16F7-4668-BE54-9A1E7A4F7556}") = "Infra", "src\Infra\Infra.csproj", "{747FBE16-9ED6-4E53-8360-79FD9D8FE8ED}"
EndProject
Project("{9A19103F-16F7-4668-BE54-9A1E7A4F7556}") = "Application", "src\Application\Application.csproj", "{38047386-FC6E-40E4-8817-AE4EF1600BFE}"
EndProject
Project("{2150E333-8FDC-42A3-9474-1A3956D46DE8}") = "1. Libraries", "1. Libraries", "{66B78DD3-7ACD-4F5F-86A3-A2E7D91297BE}"
EndProject
Project("{2150E333-8FDC-42A3-9474-1A3956D46DE8}") = "2. Service", "2. Service", "{B20F6C14-9A33-4DD0-B2DB-0C9B1785E479}"
EndProject
Project("{9A19103F-16F7-4668-BE54-9A1E7A4F7556}") = "AspNetCore", "libs\AspNetCore\AspNetCore.csproj", "{657C516F-C684-4F52-9ED4-283CDFD1E6C0}"
EndProject
Project("{9A19103F-16F7-4668-BE54-9A1E7A4F7556}") = "Core", "libs\Core\Core.csproj", "{CA1F253E-B8EA-4782-9261-B1763F1AB3DE}"
EndProject
Project("{9A19103F-16F7-4668-BE54-9A1E7A4F7556}") = "Core", "src\Core\Core.csproj", "{81BAEA4A-09C6-4CF8-9564-43C883D0D44F}"
EndProject
Project("{9A19103F-16F7-4668-BE54-9A1E7A4F7556}") = "Security", "libs\Security\Security.csproj", "{DB38FCAA-0218-4EDB-80A8-6983C3395D24}"
EndProject
Project("{9A19103F-16F7-4668-BE54-9A1E7A4F7556}") = "Postgres", "libs\Postgres\Postgres.csproj", "{D6E04EAC-D5A0-40F1-91E3-56A6131CA324}"
EndProject
Project("{9A19103F-16F7-4668-BE54-9A1E7A4F7556}") = "MongoDb", "libs\MongoDb\MongoDb.csproj", "{BC192684-FE12-4FFC-97D5-3B2193DD69D6}"
EndProject
Project("{9A19103F-16F7-4668-BE54-9A1E7A4F7556}") = "Redis", "libs\Redis\Redis.csproj", "{444BAB95-4F15-4E90-8337-A3EE8C56BBC0}"
EndProject
Global
	GlobalSection(SolutionConfigurationPlatforms) = preSolution
		Debug|Any CPU = Debug|Any CPU
		Release|Any CPU = Release|Any CPU
	EndGlobalSection
	GlobalSection(ProjectConfigurationPlatforms) = postSolution
		{17DC6B3C-8CD4-4D5A-BBB2-FF5058EF7D8B}.Debug|Any CPU.ActiveCfg = Debug|Any CPU
		{17DC6B3C-8CD4-4D5A-BBB2-FF5058EF7D8B}.Debug|Any CPU.Build.0 = Debug|Any CPU
		{17DC6B3C-8CD4-4D5A-BBB2-FF5058EF7D8B}.Release|Any CPU.ActiveCfg = Release|Any CPU
		{17DC6B3C-8CD4-4D5A-BBB2-FF5058EF7D8B}.Release|Any CPU.Build.0 = Release|Any CPU
		{747FBE16-9ED6-4E53-8360-79FD9D8FE8ED}.Debug|Any CPU.ActiveCfg = Debug|Any CPU
		{747FBE16-9ED6-4E53-8360-79FD9D8FE8ED}.Debug|Any CPU.Build.0 = Debug|Any CPU
		{747FBE16-9ED6-4E53-8360-79FD9D8FE8ED}.Release|Any CPU.ActiveCfg = Release|Any CPU
		{747FBE16-9ED6-4E53-8360-79FD9D8FE8ED}.Release|Any CPU.Build.0 = Release|Any CPU
		{38047386-FC6E-40E4-8817-AE4EF1600BFE}.Debug|Any CPU.ActiveCfg = Debug|Any CPU
		{38047386-FC6E-40E4-8817-AE4EF1600BFE}.Debug|Any CPU.Build.0 = Debug|Any CPU
		{38047386-FC6E-40E4-8817-AE4EF1600BFE}.Release|Any CPU.ActiveCfg = Release|Any CPU
		{38047386-FC6E-40E4-8817-AE4EF1600BFE}.Release|Any CPU.Build.0 = Release|Any CPU
		{657C516F-C684-4F52-9ED4-283CDFD1E6C0}.Debug|Any CPU.ActiveCfg = Debug|Any CPU
		{657C516F-C684-4F52-9ED4-283CDFD1E6C0}.Debug|Any CPU.Build.0 = Debug|Any CPU
		{657C516F-C684-4F52-9ED4-283CDFD1E6C0}.Release|Any CPU.ActiveCfg = Release|Any CPU
		{657C516F-C684-4F52-9ED4-283CDFD1E6C0}.Release|Any CPU.Build.0 = Release|Any CPU
		{CA1F253E-B8EA-4782-9261-B1763F1AB3DE}.Debug|Any CPU.ActiveCfg = Debug|Any CPU
		{CA1F253E-B8EA-4782-9261-B1763F1AB3DE}.Debug|Any CPU.Build.0 = Debug|Any CPU
		{CA1F253E-B8EA-4782-9261-B1763F1AB3DE}.Release|Any CPU.ActiveCfg = Release|Any CPU
		{CA1F253E-B8EA-4782-9261-B1763F1AB3DE}.Release|Any CPU.Build.0 = Release|Any CPU
		{81BAEA4A-09C6-4CF8-9564-43C883D0D44F}.Debug|Any CPU.ActiveCfg = Debug|Any CPU
		{81BAEA4A-09C6-4CF8-9564-43C883D0D44F}.Debug|Any CPU.Build.0 = Debug|Any CPU
		{81BAEA4A-09C6-4CF8-9564-43C883D0D44F}.Release|Any CPU.ActiveCfg = Release|Any CPU
		{81BAEA4A-09C6-4CF8-9564-43C883D0D44F}.Release|Any CPU.Build.0 = Release|Any CPU
		{DB38FCAA-0218-4EDB-80A8-6983C3395D24}.Debug|Any CPU.ActiveCfg = Debug|Any CPU
		{DB38FCAA-0218-4EDB-80A8-6983C3395D24}.Debug|Any CPU.Build.0 = Debug|Any CPU
		{DB38FCAA-0218-4EDB-80A8-6983C3395D24}.Release|Any CPU.ActiveCfg = Release|Any CPU
		{DB38FCAA-0218-4EDB-80A8-6983C3395D24}.Release|Any CPU.Build.0 = Release|Any CPU
		{D6E04EAC-D5A0-40F1-91E3-56A6131CA324}.Debug|Any CPU.ActiveCfg = Debug|Any CPU
		{D6E04EAC-D5A0-40F1-91E3-56A6131CA324}.Debug|Any CPU.Build.0 = Debug|Any CPU
		{D6E04EAC-D5A0-40F1-91E3-56A6131CA324}.Release|Any CPU.ActiveCfg = Release|Any CPU
		{D6E04EAC-D5A0-40F1-91E3-56A6131CA324}.Release|Any CPU.Build.0 = Release|Any CPU
		{BC192684-FE12-4FFC-97D5-3B2193DD69D6}.Debug|Any CPU.ActiveCfg = Debug|Any CPU
		{BC192684-FE12-4FFC-97D5-3B2193DD69D6}.Debug|Any CPU.Build.0 = Debug|Any CPU
		{BC192684-FE12-4FFC-97D5-3B2193DD69D6}.Release|Any CPU.ActiveCfg = Release|Any CPU
		{BC192684-FE12-4FFC-97D5-3B2193DD69D6}.Release|Any CPU.Build.0 = Release|Any CPU
		{444BAB95-4F15-4E90-8337-A3EE8C56BBC0}.Debug|Any CPU.ActiveCfg = Debug|Any CPU
		{444BAB95-4F15-4E90-8337-A3EE8C56BBC0}.Debug|Any CPU.Build.0 = Debug|Any CPU
		{444BAB95-4F15-4E90-8337-A3EE8C56BBC0}.Release|Any CPU.ActiveCfg = Release|Any CPU
		{444BAB95-4F15-4E90-8337-A3EE8C56BBC0}.Release|Any CPU.Build.0 = Release|Any CPU
	EndGlobalSection
	GlobalSection(SolutionProperties) = preSolution
		HideSolutionNode = FALSE
	EndGlobalSection
	GlobalSection(NestedProjects) = preSolution
		{17DC6B3C-8CD4-4D5A-BBB2-FF5058EF7D8B} = {B20F6C14-9A33-4DD0-B2DB-0C9B1785E479}
		{747FBE16-9ED6-4E53-8360-79FD9D8FE8ED} = {B20F6C14-9A33-4DD0-B2DB-0C9B1785E479}
		{38047386-FC6E-40E4-8817-AE4EF1600BFE} = {B20F6C14-9A33-4DD0-B2DB-0C9B1785E479}
		{657C516F-C684-4F52-9ED4-283CDFD1E6C0} = {66B78DD3-7ACD-4F5F-86A3-A2E7D91297BE}
		{CA1F253E-B8EA-4782-9261-B1763F1AB3DE} = {66B78DD3-7ACD-4F5F-86A3-A2E7D91297BE}
		{81BAEA4A-09C6-4CF8-9564-43C883D0D44F} = {B20F6C14-9A33-4DD0-B2DB-0C9B1785E479}
		{DB38FCAA-0218-4EDB-80A8-6983C3395D24} = {66B78DD3-7ACD-4F5F-86A3-A2E7D91297BE}
		{D6E04EAC-D5A0-40F1-91E3-56A6131CA324} = {66B78DD3-7ACD-4F5F-86A3-A2E7D91297BE}
		{BC192684-FE12-4FFC-97D5-3B2193DD69D6} = {66B78DD3-7ACD-4F5F-86A3-A2E7D91297BE}
		{444BAB95-4F15-4E90-8337-A3EE8C56BBC0} = {66B78DD3-7ACD-4F5F-86A3-A2E7D91297BE}
	EndGlobalSection
	GlobalSection(ExtensibilityGlobals) = postSolution
		SolutionGuid = {412D0937-67DB-4187-9E21-079508A99383}
	EndGlobalSection
EndGlobal
